// !$*UTF8*$!
{
	archiveVersion = 1;
	classes = {
	};
	objectVersion = 56;
	objects = {

/* Begin PBXBuildFile section */
		F360DC9C29152D9C00CD5744 /* TrackViewController.swift in Sources */ = {isa = PBXBuildFile; fileRef = F360DC9B29152D9C00CD5744 /* TrackViewController.swift */; };
		F369D61029142383004659DC /* AppDelegate.swift in Sources */ = {isa = PBXBuildFile; fileRef = F369D60F29142383004659DC /* AppDelegate.swift */; };
		F369D61229142383004659DC /* SceneDelegate.swift in Sources */ = {isa = PBXBuildFile; fileRef = F369D61129142383004659DC /* SceneDelegate.swift */; };
		F369D61729142383004659DC /* Main.storyboard in Resources */ = {isa = PBXBuildFile; fileRef = F369D61529142383004659DC /* Main.storyboard */; };
		F369D61929142383004659DC /* Assets.xcassets in Resources */ = {isa = PBXBuildFile; fileRef = F369D61829142383004659DC /* Assets.xcassets */; };
		F369D61C29142383004659DC /* LaunchScreen.storyboard in Resources */ = {isa = PBXBuildFile; fileRef = F369D61A29142383004659DC /* LaunchScreen.storyboard */; };
		F38E01D3291E57CB00EC3C82 /* TrackDetailsViewController.swift in Sources */ = {isa = PBXBuildFile; fileRef = F38E01D2291E57CB00EC3C82 /* TrackDetailsViewController.swift */; };
		F39EE0C5291819D600279CF7 /* Track.swift in Sources */ = {isa = PBXBuildFile; fileRef = F39EE0C4291819D600279CF7 /* Track.swift */; };
/* End PBXBuildFile section */

/* Begin PBXFileReference section */
		F360DC9B29152D9C00CD5744 /* TrackViewController.swift */ = {isa = PBXFileReference; lastKnownFileType = sourcecode.swift; path = TrackViewController.swift; sourceTree = "<group>"; };
		F369D60C29142383004659DC /* AddressContactsList.app */ = {isa = PBXFileReference; explicitFileType = wrapper.application; includeInIndex = 0; path = AddressContactsList.app; sourceTree = BUILT_PRODUCTS_DIR; };
		F369D60F29142383004659DC /* AppDelegate.swift */ = {isa = PBXFileReference; lastKnownFileType = sourcecode.swift; path = AppDelegate.swift; sourceTree = "<group>"; };
		F369D61129142383004659DC /* SceneDelegate.swift */ = {isa = PBXFileReference; lastKnownFileType = sourcecode.swift; path = SceneDelegate.swift; sourceTree = "<group>"; };
		F369D61629142383004659DC /* Base */ = {isa = PBXFileReference; lastKnownFileType = file.storyboard; name = Base; path = Base.lproj/Main.storyboard; sourceTree = "<group>"; };
		F369D61829142383004659DC /* Assets.xcassets */ = {isa = PBXFileReference; lastKnownFileType = folder.assetcatalog; path = Assets.xcassets; sourceTree = "<group>"; };
		F369D61B29142383004659DC /* Base */ = {isa = PBXFileReference; lastKnownFileType = file.storyboard; name = Base; path = Base.lproj/LaunchScreen.storyboard; sourceTree = "<group>"; };
		F369D61D29142383004659DC /* Info.plist */ = {isa = PBXFileReference; lastKnownFileType = text.plist.xml; path = Info.plist; sourceTree = "<group>"; };
		F38E01D2291E57CB00EC3C82 /* TrackDetailsViewController.swift */ = {isa = PBXFileReference; lastKnownFileType = sourcecode.swift; path = TrackDetailsViewController.swift; sourceTree = "<group>"; };
		F39EE0C4291819D600279CF7 /* Track.swift */ = {isa = PBXFileReference; lastKnownFileType = sourcecode.swift; path = Track.swift; sourceTree = "<group>"; };
/* End PBXFileReference section */

/* Begin PBXFrameworksBuildPhase section */
		F369D60929142383004659DC /* Frameworks */ = {
			isa = PBXFrameworksBuildPhase;
			buildActionMask = 2147483647;
			files = (
			);
			runOnlyForDeploymentPostprocessing = 0;
		};
/* End PBXFrameworksBuildPhase section */

/* Begin PBXGroup section */
		F369D60329142383004659DC = {
			isa = PBXGroup;
			children = (
				F369D60E29142383004659DC /* AddressContactsList */,
				F369D60D29142383004659DC /* Products */,
			);
			sourceTree = "<group>";
		};
		F369D60D29142383004659DC /* Products */ = {
			isa = PBXGroup;
			children = (
				F369D60C29142383004659DC /* AddressContactsList.app */,
			);
			name = Products;
			sourceTree = "<group>";
		};
		F369D60E29142383004659DC /* AddressContactsList */ = {
			isa = PBXGroup;
			children = (
				F38E01CF2919452700EC3C82 /* Sources */,
				F38E01D12919456900EC3C82 /* Resources */,
			);
			path = AddressContactsList;
			sourceTree = "<group>";
		};
		F38E01CC2919447000EC3C82 /* App */ = {
			isa = PBXGroup;
			children = (
				F369D60F29142383004659DC /* AppDelegate.swift */,
				F369D61129142383004659DC /* SceneDelegate.swift */,
				F369D61D29142383004659DC /* Info.plist */,
			);
			path = App;
			sourceTree = "<group>";
		};
		F38E01CD291944F400EC3C82 /* Models */ = {
			isa = PBXGroup;
			children = (
				F39EE0C4291819D600279CF7 /* Track.swift */,
			);
			path = Models;
			sourceTree = "<group>";
		};
		F38E01CE2919450200EC3C82 /* Scenes */ = {
			isa = PBXGroup;
			children = (
				F360DC9B29152D9C00CD5744 /* TrackViewController.swift */,
				F38E01D2291E57CB00EC3C82 /* TrackDetailsViewController.swift */,
			);
			path = Scenes;
			sourceTree = "<group>";
		};
		F38E01CF2919452700EC3C82 /* Sources */ = {
			isa = PBXGroup;
			children = (
				F38E01CC2919447000EC3C82 /* App */,
				F38E01D02919454F00EC3C82 /* Storyboards */,
				F38E01CE2919450200EC3C82 /* Scenes */,
				F38E01CD291944F400EC3C82 /* Models */,
			);
			path = Sources;
			sourceTree = "<group>";
		};
		F38E01D02919454F00EC3C82 /* Storyboards */ = {
			isa = PBXGroup;
			children = (
				F369D61529142383004659DC /* Main.storyboard */,
				F369D61A29142383004659DC /* LaunchScreen.storyboard */,
			);
			path = Storyboards;
			sourceTree = "<group>";
		};
		F38E01D12919456900EC3C82 /* Resources */ = {
			isa = PBXGroup;
			children = (
				F369D61829142383004659DC /* Assets.xcassets */,
			);
			path = Resources;
			sourceTree = "<group>";
		};
/* End PBXGroup section */

/* Begin PBXNativeTarget section */
		F369D60B29142383004659DC /* AddressContactsList */ = {
			isa = PBXNativeTarget;
			buildConfigurationList = F369D62029142383004659DC /* Build configuration list for PBXNativeTarget "AddressContactsList" */;
			buildPhases = (
				F369D60829142383004659DC /* Sources */,
				F369D60929142383004659DC /* Frameworks */,
				F369D60A29142383004659DC /* Resources */,
			);
			buildRules = (
			);
			dependencies = (
			);
			name = AddressContactsList;
			productName = AddressContactsList;
			productReference = F369D60C29142383004659DC /* AddressContactsList.app */;
			productType = "com.apple.product-type.application";
		};
/* End PBXNativeTarget section */

/* Begin PBXProject section */
		F369D60429142383004659DC /* Project object */ = {
			isa = PBXProject;
			attributes = {
				BuildIndependentTargetsInParallel = 1;
				LastSwiftUpdateCheck = 1410;
				LastUpgradeCheck = 1410;
				TargetAttributes = {
					F369D60B29142383004659DC = {
						CreatedOnToolsVersion = 14.1;
					};
				};
			};
			buildConfigurationList = F369D60729142383004659DC /* Build configuration list for PBXProject "AddressContactsList" */;
			compatibilityVersion = "Xcode 14.0";
			developmentRegion = en;
			hasScannedForEncodings = 0;
			knownRegions = (
				en,
				Base,
			);
			mainGroup = F369D60329142383004659DC;
			productRefGroup = F369D60D29142383004659DC /* Products */;
			projectDirPath = "";
			projectRoot = "";
			targets = (
				F369D60B29142383004659DC /* AddressContactsList */,
			);
		};
/* End PBXProject section */

/* Begin PBXResourcesBuildPhase section */
		F369D60A29142383004659DC /* Resources */ = {
			isa = PBXResourcesBuildPhase;
			buildActionMask = 2147483647;
			files = (
				F369D61C29142383004659DC /* LaunchScreen.storyboard in Resources */,
				F369D61929142383004659DC /* Assets.xcassets in Resources */,
				F369D61729142383004659DC /* Main.storyboard in Resources */,
			);
			runOnlyForDeploymentPostprocessing = 0;
		};
/* End PBXResourcesBuildPhase section */

/* Begin PBXSourcesBuildPhase section */
		F369D60829142383004659DC /* Sources */ = {
			isa = PBXSourcesBuildPhase;
			buildActionMask = 2147483647;
			files = (
				F369D61029142383004659DC /* AppDelegate.swift in Sources */,
				F360DC9C29152D9C00CD5744 /* TrackViewController.swift in Sources */,
				F38E01D3291E57CB00EC3C82 /* TrackDetailsViewController.swift in Sources */,
				F369D61229142383004659DC /* SceneDelegate.swift in Sources */,
				F39EE0C5291819D600279CF7 /* Track.swift in Sources */,
			);
			runOnlyForDeploymentPostprocessing = 0;
		};
/* End PBXSourcesBuildPhase section */

/* Begin PBXVariantGroup section */
		F369D61529142383004659DC /* Main.storyboard */ = {
			isa = PBXVariantGroup;
			children = (
				F369D61629142383004659DC /* Base */,
			);
			name = Main.storyboard;
			sourceTree = "<group>";
		};
		F369D61A29142383004659DC /* LaunchScreen.storyboard */ = {
			isa = PBXVariantGroup;
			children = (
				F369D61B29142383004659DC /* Base */,
			);
			name = LaunchScreen.storyboard;
			sourceTree = "<group>";
		};
/* End PBXVariantGroup section */

/* Begin XCBuildConfiguration section */
		F369D61E29142383004659DC /* Debug */ = {
			isa = XCBuildConfiguration;
			buildSettings = {
				ALWAYS_SEARCH_USER_PATHS = NO;
				CLANG_ANALYZER_NONNULL = YES;
				CLANG_ANALYZER_NUMBER_OBJECT_CONVERSION = YES_AGGRESSIVE;
				CLANG_CXX_LANGUAGE_STANDARD = "gnu++20";
				CLANG_ENABLE_MODULES = YES;
				CLANG_ENABLE_OBJC_ARC = YES;
				CLANG_ENABLE_OBJC_WEAK = YES;
				CLANG_WARN_BLOCK_CAPTURE_AUTORELEASING = YES;
				CLANG_WARN_BOOL_CONVERSION = YES;
				CLANG_WARN_COMMA = YES;
				CLANG_WARN_CONSTANT_CONVERSION = YES;
				CLANG_WARN_DEPRECATED_OBJC_IMPLEMENTATIONS = YES;
				CLANG_WARN_DIRECT_OBJC_ISA_USAGE = YES_ERROR;
				CLANG_WARN_DOCUMENTATION_COMMENTS = YES;
				CLANG_WARN_EMPTY_BODY = YES;
				CLANG_WARN_ENUM_CONVERSION = YES;
				CLANG_WARN_INFINITE_RECURSION = YES;
				CLANG_WARN_INT_CONVERSION = YES;
				CLANG_WARN_NON_LITERAL_NULL_CONVERSION = YES;
				CLANG_WARN_OBJC_IMPLICIT_RETAIN_SELF = YES;
				CLANG_WARN_OBJC_LITERAL_CONVERSION = YES;
				CLANG_WARN_OBJC_ROOT_CLASS = YES_ERROR;
				CLANG_WARN_QUOTED_INCLUDE_IN_FRAMEWORK_HEADER = YES;
				CLANG_WARN_RANGE_LOOP_ANALYSIS = YES;
				CLANG_WARN_STRICT_PROTOTYPES = YES;
				CLANG_WARN_SUSPICIOUS_MOVE = YES;
				CLANG_WARN_UNGUARDED_AVAILABILITY = YES_AGGRESSIVE;
				CLANG_WARN_UNREACHABLE_CODE = YES;
				CLANG_WARN__DUPLICATE_METHOD_MATCH = YES;
				COPY_PHASE_STRIP = NO;
				DEBUG_INFORMATION_FORMAT = dwarf;
				ENABLE_STRICT_OBJC_MSGSEND = YES;
				ENABLE_TESTABILITY = YES;
				GCC_C_LANGUAGE_STANDARD = gnu11;
				GCC_DYNAMIC_NO_PIC = NO;
				GCC_NO_COMMON_BLOCKS = YES;
				GCC_OPTIMIZATION_LEVEL = 0;
				GCC_PREPROCESSOR_DEFINITIONS = (
					"DEBUG=1",
					"$(inherited)",
				);
				GCC_WARN_64_TO_32_BIT_CONVERSION = YES;
				GCC_WARN_ABOUT_RETURN_TYPE = YES_ERROR;
				GCC_WARN_UNDECLARED_SELECTOR = YES;
				GCC_WARN_UNINITIALIZED_AUTOS = YES_AGGRESSIVE;
				GCC_WARN_UNUSED_FUNCTION = YES;
				GCC_WARN_UNUSED_VARIABLE = YES;
				IPHONEOS_DEPLOYMENT_TARGET = 16.1;
				MTL_ENABLE_DEBUG_INFO = INCLUDE_SOURCE;
				MTL_FAST_MATH = YES;
				ONLY_ACTIVE_ARCH = YES;
				SDKROOT = iphoneos;
				SWIFT_ACTIVE_COMPILATION_CONDITIONS = DEBUG;
				SWIFT_OPTIMIZATION_LEVEL = "-Onone";
			};
			name = Debug;
		};
		F369D61F29142383004659DC /* Release */ = {
			isa = XCBuildConfiguration;
			buildSettings = {
				ALWAYS_SEARCH_USER_PATHS = NO;
				CLANG_ANALYZER_NONNULL = YES;
				CLANG_ANALYZER_NUMBER_OBJECT_CONVERSION = YES_AGGRESSIVE;
				CLANG_CXX_LANGUAGE_STANDARD = "gnu++20";
				CLANG_ENABLE_MODULES = YES;
				CLANG_ENABLE_OBJC_ARC = YES;
				CLANG_ENABLE_OBJC_WEAK = YES;
				CLANG_WARN_BLOCK_CAPTURE_AUTORELEASING = YES;
				CLANG_WARN_BOOL_CONVERSION = YES;
				CLANG_WARN_COMMA = YES;
				CLANG_WARN_CONSTANT_CONVERSION = YES;
				CLANG_WARN_DEPRECATED_OBJC_IMPLEMENTATIONS = YES;
				CLANG_WARN_DIRECT_OBJC_ISA_USAGE = YES_ERROR;
				CLANG_WARN_DOCUMENTATION_COMMENTS = YES;
				CLANG_WARN_EMPTY_BODY = YES;
				CLANG_WARN_ENUM_CONVERSION = YES;
				CLANG_WARN_INFINITE_RECURSION = YES;
				CLANG_WARN_INT_CONVERSION = YES;
				CLANG_WARN_NON_LITERAL_NULL_CONVERSION = YES;
				CLANG_WARN_OBJC_IMPLICIT_RETAIN_SELF = YES;
				CLANG_WARN_OBJC_LITERAL_CONVERSION = YES;
				CLANG_WARN_OBJC_ROOT_CLASS = YES_ERROR;
				CLANG_WARN_QUOTED_INCLUDE_IN_FRAMEWORK_HEADER = YES;
				CLANG_WARN_RANGE_LOOP_ANALYSIS = YES;
				CLANG_WARN_STRICT_PROTOTYPES = YES;
				CLANG_WARN_SUSPICIOUS_MOVE = YES;
				CLANG_WARN_UNGUARDED_AVAILABILITY = YES_AGGRESSIVE;
				CLANG_WARN_UNREACHABLE_CODE = YES;
				CLANG_WARN__DUPLICATE_METHOD_MATCH = YES;
				COPY_PHASE_STRIP = NO;
				DEBUG_INFORMATION_FORMAT = "dwarf-with-dsym";
				ENABLE_NS_ASSERTIONS = NO;
				ENABLE_STRICT_OBJC_MSGSEND = YES;
				GCC_C_LANGUAGE_STANDARD = gnu11;
				GCC_NO_COMMON_BLOCKS = YES;
				GCC_WARN_64_TO_32_BIT_CONVERSION = YES;
				GCC_WARN_ABOUT_RETURN_TYPE = YES_ERROR;
				GCC_WARN_UNDECLARED_SELECTOR = YES;
				GCC_WARN_UNINITIALIZED_AUTOS = YES_AGGRESSIVE;
				GCC_WARN_UNUSED_FUNCTION = YES;
				GCC_WARN_UNUSED_VARIABLE = YES;
				IPHONEOS_DEPLOYMENT_TARGET = 16.1;
				MTL_ENABLE_DEBUG_INFO = NO;
				MTL_FAST_MATH = YES;
				SDKROOT = iphoneos;
				SWIFT_COMPILATION_MODE = wholemodule;
				SWIFT_OPTIMIZATION_LEVEL = "-O";
				VALIDATE_PRODUCT = YES;
			};
			name = Release;
		};
		F369D62129142383004659DC /* Debug */ = {
			isa = XCBuildConfiguration;
			buildSettings = {
				ASSETCATALOG_COMPILER_APPICON_NAME = AppIcon;
				ASSETCATALOG_COMPILER_GLOBAL_ACCENT_COLOR_NAME = AccentColor;
				CODE_SIGN_STYLE = Automatic;
				CURRENT_PROJECT_VERSION = 1;
				DEVELOPMENT_TEAM = 9DSLGCL4J8;
				GENERATE_INFOPLIST_FILE = YES;
				INFOPLIST_FILE = AddressContactsList/Sources/App/Info.plist;
				INFOPLIST_KEY_UIApplicationSupportsIndirectInputEvents = YES;
				INFOPLIST_KEY_UILaunchStoryboardName = LaunchScreen;
				INFOPLIST_KEY_UIMainStoryboardFile = Main;
				INFOPLIST_KEY_UISupportedInterfaceOrientations_iPad = "UIInterfaceOrientationPortrait UIInterfaceOrientationPortraitUpsideDown UIInterfaceOrientationLandscapeLeft UIInterfaceOrientationLandscapeRight";
				INFOPLIST_KEY_UISupportedInterfaceOrientations_iPhone = "UIInterfaceOrientationPortrait UIInterfaceOrientationLandscapeLeft UIInterfaceOrientationLandscapeRight";
				LD_RUNPATH_SEARCH_PATHS = (
					"$(inherited)",
					"@executable_path/Frameworks",
				);
				MARKETING_VERSION = 1.0;
				PRODUCT_BUNDLE_IDENTIFIER = com.artyomguzenko.AddressContactsList;
				PRODUCT_NAME = "$(TARGET_NAME)";
				SWIFT_EMIT_LOC_STRINGS = YES;
				SWIFT_VERSION = 5.0;
				TARGETED_DEVICE_FAMILY = "1,2";
			};
			name = Debug;
		};
		F369D62229142383004659DC /* Release */ = {
			isa = XCBuildConfiguration;
			buildSettings = {
				ASSETCATALOG_COMPILER_APPICON_NAME = AppIcon;
				ASSETCATALOG_COMPILER_GLOBAL_ACCENT_COLOR_NAME = AccentColor;
				CODE_SIGN_STYLE = Automatic;
				CURRENT_PROJECT_VERSION = 1;
				DEVELOPMENT_TEAM = 9DSLGCL4J8;
				GENERATE_INFOPLIST_FILE = YES;
				INFOPLIST_FILE = AddressContactsList/Sources/App/Info.plist;
				INFOPLIST_KEY_UIApplicationSupportsIndirectInputEvents = YES;
				INFOPLIST_KEY_UILaunchStoryboardName = LaunchScreen;
				INFOPLIST_KEY_UIMainStoryboardFile = Main;
				INFOPLIST_KEY_UISupportedInterfaceOrientations_iPad = "UIInterfaceOrientationPortrait UIInterfaceOrientationPortraitUpsideDown UIInterfaceOrientationLandscapeLeft UIInterfaceOrientationLandscapeRight";
				INFOPLIST_KEY_UISupportedInterfaceOrientations_iPhone = "UIInterfaceOrientationPortrait UIInterfaceOrientationLandscapeLeft UIInterfaceOrientationLandscapeRight";
				LD_RUNPATH_SEARCH_PATHS = (
					"$(inherited)",
					"@executable_path/Frameworks",
				);
				MARKETING_VERSION = 1.0;
				PRODUCT_BUNDLE_IDENTIFIER = com.artyomguzenko.AddressContactsList;
				PRODUCT_NAME = "$(TARGET_NAME)";
				SWIFT_EMIT_LOC_STRINGS = YES;
				SWIFT_VERSION = 5.0;
				TARGETED_DEVICE_FAMILY = "1,2";
			};
			name = Release;
		};
/* End XCBuildConfiguration section */

/* Begin XCConfigurationList section */
		F369D60729142383004659DC /* Build configuration list for PBXProject "AddressContactsList" */ = {
			isa = XCConfigurationList;
			buildConfigurations = (
				F369D61E29142383004659DC /* Debug */,
				F369D61F29142383004659DC /* Release */,
			);
			defaultConfigurationIsVisible = 0;
			defaultConfigurationName = Release;
		};
		F369D62029142383004659DC /* Build configuration list for PBXNativeTarget "AddressContactsList" */ = {
			isa = XCConfigurationList;
			buildConfigurations = (
				F369D62129142383004659DC /* Debug */,
				F369D62229142383004659DC /* Release */,
			);
			defaultConfigurationIsVisible = 0;
			defaultConfigurationName = Release;
		};
/* End XCConfigurationList section */
	};
	rootObject = F369D60429142383004659DC /* Project object */;
}
